
Microsoft Visual Studio Solution File, Format Version 12.00
# Visual Studio 2012
Project("{FAE04EC0-301F-11D3-BF4B-00C04F79EFBC}") = "Readables", "Readables\Readables.csproj", "{A10FE730-C01C-44A5-B5B2-1FD5A8FC2C7D}"
EndProject
Project("{FAE04EC0-301F-11D3-BF4B-00C04F79EFBC}") = "Readables.Mac.Tests.Unit", "Readables.Mac.Tests.Unit\Readables.Mac.Tests.Unit.csproj", "{5C8F7CAA-BFD6-451C-A4CB-47A9F415B1A5}"
EndProject
Global
	GlobalSection(SolutionConfigurationPlatforms) = preSolution
		Debug|x86 = Debug|x86
		Release|x86 = Release|x86
	EndGlobalSection
	GlobalSection(ProjectConfigurationPlatforms) = postSolution
		{A10FE730-C01C-44A5-B5B2-1FD5A8FC2C7D}.Debug|x86.ActiveCfg = Debug|x86
		{A10FE730-C01C-44A5-B5B2-1FD5A8FC2C7D}.Debug|x86.Build.0 = Debug|x86
		{A10FE730-C01C-44A5-B5B2-1FD5A8FC2C7D}.Release|x86.ActiveCfg = Release|x86
		{A10FE730-C01C-44A5-B5B2-1FD5A8FC2C7D}.Release|x86.Build.0 = Release|x86
		{5C8F7CAA-BFD6-451C-A4CB-47A9F415B1A5}.Debug|x86.ActiveCfg = Debug|Any CPU
		{5C8F7CAA-BFD6-451C-A4CB-47A9F415B1A5}.Debug|x86.Build.0 = Debug|Any CPU
		{5C8F7CAA-BFD6-451C-A4CB-47A9F415B1A5}.Release|x86.ActiveCfg = Release|Any CPU
		{5C8F7CAA-BFD6-451C-A4CB-47A9F415B1A5}.Release|x86.Build.0 = Release|Any CPU
	EndGlobalSection
EndGlobal
