
Microsoft Visual Studio Solution File, Format Version 12.00
# Visual Studio 15
VisualStudioVersion = 15.0.26403.7
MinimumVisualStudioVersion = 10.0.40219.1
Project("{FAE04EC0-301F-11D3-BF4B-00C04F79EFBC}") = "Readables", "src\win\Readables\Readables.csproj", "{43039492-2992-482D-A103-3FD8A4FA39DE}"
EndProject
Project("{2150E333-8FDC-42A3-9474-1A3956D46DE8}") = "Win", "Win", "{49984438-2AF0-4B0B-AB13-AA529DFFB509}"
EndProject
Project("{2150E333-8FDC-42A3-9474-1A3956D46DE8}") = "Common", "Common", "{CC525486-DCE8-463E-B58A-150CCF701360}"
EndProject
Project("{FAE04EC0-301F-11D3-BF4B-00C04F79EFBC}") = "Readables.Common", "src\common\Readables.Common\Readables.Common.csproj", "{F53E477A-0336-4435-8382-BBD6797E41D1}"
EndProject
Project("{FAE04EC0-301F-11D3-BF4B-00C04F79EFBC}") = "Readables.Common.Tests.Unit", "src\common\Readables.Common.Tests.Unit\Readables.Common.Tests.Unit.csproj", "{211E9997-0125-4DB0-9ED3-00B2175AB9F1}"
EndProject
Project("{FAE04EC0-301F-11D3-BF4B-00C04F79EFBC}") = "Readables.DataLayer", "src\common\Readables.DataLayer\Readables.DataLayer.csproj", "{C241E606-EEB4-442C-A2C7-98411C2E6236}"
EndProject
Project("{FAE04EC0-301F-11D3-BF4B-00C04F79EFBC}") = "Readables.DataLayer.Tests.Unit", "src\common\Readables.DataLayer.Tests.Unit\Readables.DataLayer.Tests.Unit.csproj", "{9CFE2D7F-0C52-4D6B-B65E-063945F34D53}"
EndProject
Project("{FAE04EC0-301F-11D3-BF4B-00C04F79EFBC}") = "Readables.Domain", "src\common\Readables.Domain\Readables.Domain.csproj", "{C3AC8E36-A0D2-4368-8C85-675B11E4903F}"
EndProject
Project("{FAE04EC0-301F-11D3-BF4B-00C04F79EFBC}") = "Readables.Domain.Tests.Unit", "src\common\Readables.Domain.Tests.Unit\Readables.Domain.Tests.Unit.csproj", "{C7950907-60F9-4207-AE50-0FC7D355BF64}"
EndProject
Project("{FAE04EC0-301F-11D3-BF4B-00C04F79EFBC}") = "Readables.Import", "src\common\Readables.Import\Readables.Import.csproj", "{5BE5643C-297E-4F44-ACBB-29DBD4BD0A92}"
EndProject
Global
	GlobalSection(SolutionConfigurationPlatforms) = preSolution
		Debug|Any CPU = Debug|Any CPU
		Release|Any CPU = Release|Any CPU
	EndGlobalSection
	GlobalSection(ProjectConfigurationPlatforms) = postSolution
		{43039492-2992-482D-A103-3FD8A4FA39DE}.Debug|Any CPU.ActiveCfg = Debug|Any CPU
		{43039492-2992-482D-A103-3FD8A4FA39DE}.Debug|Any CPU.Build.0 = Debug|Any CPU
		{43039492-2992-482D-A103-3FD8A4FA39DE}.Release|Any CPU.ActiveCfg = Release|Any CPU
		{43039492-2992-482D-A103-3FD8A4FA39DE}.Release|Any CPU.Build.0 = Release|Any CPU
		{F53E477A-0336-4435-8382-BBD6797E41D1}.Debug|Any CPU.ActiveCfg = Debug|Any CPU
		{F53E477A-0336-4435-8382-BBD6797E41D1}.Debug|Any CPU.Build.0 = Debug|Any CPU
		{F53E477A-0336-4435-8382-BBD6797E41D1}.Release|Any CPU.ActiveCfg = Release|Any CPU
		{F53E477A-0336-4435-8382-BBD6797E41D1}.Release|Any CPU.Build.0 = Release|Any CPU
		{211E9997-0125-4DB0-9ED3-00B2175AB9F1}.Debug|Any CPU.ActiveCfg = Debug|Any CPU
		{211E9997-0125-4DB0-9ED3-00B2175AB9F1}.Debug|Any CPU.Build.0 = Debug|Any CPU
		{211E9997-0125-4DB0-9ED3-00B2175AB9F1}.Release|Any CPU.ActiveCfg = Release|Any CPU
		{211E9997-0125-4DB0-9ED3-00B2175AB9F1}.Release|Any CPU.Build.0 = Release|Any CPU
		{C241E606-EEB4-442C-A2C7-98411C2E6236}.Debug|Any CPU.ActiveCfg = Debug|Any CPU
		{C241E606-EEB4-442C-A2C7-98411C2E6236}.Debug|Any CPU.Build.0 = Debug|Any CPU
		{C241E606-EEB4-442C-A2C7-98411C2E6236}.Release|Any CPU.ActiveCfg = Release|Any CPU
		{C241E606-EEB4-442C-A2C7-98411C2E6236}.Release|Any CPU.Build.0 = Release|Any CPU
		{9CFE2D7F-0C52-4D6B-B65E-063945F34D53}.Debug|Any CPU.ActiveCfg = Debug|Any CPU
		{9CFE2D7F-0C52-4D6B-B65E-063945F34D53}.Debug|Any CPU.Build.0 = Debug|Any CPU
		{9CFE2D7F-0C52-4D6B-B65E-063945F34D53}.Release|Any CPU.ActiveCfg = Release|Any CPU
		{9CFE2D7F-0C52-4D6B-B65E-063945F34D53}.Release|Any CPU.Build.0 = Release|Any CPU
		{C3AC8E36-A0D2-4368-8C85-675B11E4903F}.Debug|Any CPU.ActiveCfg = Debug|Any CPU
		{C3AC8E36-A0D2-4368-8C85-675B11E4903F}.Debug|Any CPU.Build.0 = Debug|Any CPU
		{C3AC8E36-A0D2-4368-8C85-675B11E4903F}.Release|Any CPU.ActiveCfg = Release|Any CPU
		{C3AC8E36-A0D2-4368-8C85-675B11E4903F}.Release|Any CPU.Build.0 = Release|Any CPU
		{C7950907-60F9-4207-AE50-0FC7D355BF64}.Debug|Any CPU.ActiveCfg = Debug|Any CPU
		{C7950907-60F9-4207-AE50-0FC7D355BF64}.Debug|Any CPU.Build.0 = Debug|Any CPU
		{C7950907-60F9-4207-AE50-0FC7D355BF64}.Release|Any CPU.ActiveCfg = Release|Any CPU
		{C7950907-60F9-4207-AE50-0FC7D355BF64}.Release|Any CPU.Build.0 = Release|Any CPU
		{5BE5643C-297E-4F44-ACBB-29DBD4BD0A92}.Debug|Any CPU.ActiveCfg = Debug|Any CPU
		{5BE5643C-297E-4F44-ACBB-29DBD4BD0A92}.Debug|Any CPU.Build.0 = Debug|Any CPU
		{5BE5643C-297E-4F44-ACBB-29DBD4BD0A92}.Release|Any CPU.ActiveCfg = Release|Any CPU
		{5BE5643C-297E-4F44-ACBB-29DBD4BD0A92}.Release|Any CPU.Build.0 = Release|Any CPU
	EndGlobalSection
	GlobalSection(SolutionProperties) = preSolution
		HideSolutionNode = FALSE
	EndGlobalSection
	GlobalSection(NestedProjects) = preSolution
		{43039492-2992-482D-A103-3FD8A4FA39DE} = {49984438-2AF0-4B0B-AB13-AA529DFFB509}
		{F53E477A-0336-4435-8382-BBD6797E41D1} = {CC525486-DCE8-463E-B58A-150CCF701360}
		{211E9997-0125-4DB0-9ED3-00B2175AB9F1} = {CC525486-DCE8-463E-B58A-150CCF701360}
		{C241E606-EEB4-442C-A2C7-98411C2E6236} = {CC525486-DCE8-463E-B58A-150CCF701360}
		{9CFE2D7F-0C52-4D6B-B65E-063945F34D53} = {CC525486-DCE8-463E-B58A-150CCF701360}
		{C3AC8E36-A0D2-4368-8C85-675B11E4903F} = {CC525486-DCE8-463E-B58A-150CCF701360}
		{C7950907-60F9-4207-AE50-0FC7D355BF64} = {CC525486-DCE8-463E-B58A-150CCF701360}
		{5BE5643C-297E-4F44-ACBB-29DBD4BD0A92} = {CC525486-DCE8-463E-B58A-150CCF701360}
	EndGlobalSection
EndGlobal
